
Microsoft Visual Studio Solution File, Format Version 12.00
Project("{FAE04EC0-301F-11D3-BF4B-00C04F79EFBC}") = "Torc.Api", "Torc.Api\Torc.Api.csproj", "{C1A6FE82-8D52-477C-98EE-2E236B906D40}"
EndProject
Project("{FAE04EC0-301F-11D3-BF4B-00C04F79EFBC}") = "Torc.Business", "Torc.Business\Torc.Business.csproj", "{6AAB233C-B286-4A00-B2EF-E604733E6CAA}"
EndProject
Project("{FAE04EC0-301F-11D3-BF4B-00C04F79EFBC}") = "Torc.Data", "Torc.Data\Torc.Data.csproj", "{C78A0775-CEB6-498B-934A-525F6EFE77A3}"
EndProject
Project("{FAE04EC0-301F-11D3-BF4B-00C04F79EFBC}") = "Torc.Common", "Torc.Common\Torc.Common.csproj", "{4A409E93-52B6-4425-840D-48DE85267D45}"
EndProject
Global
	GlobalSection(SolutionConfigurationPlatforms) = preSolution
		Debug|Any CPU = Debug|Any CPU
		Release|Any CPU = Release|Any CPU
	EndGlobalSection
	GlobalSection(ProjectConfigurationPlatforms) = postSolution
		{C1A6FE82-8D52-477C-98EE-2E236B906D40}.Debug|Any CPU.ActiveCfg = Debug|Any CPU
		{C1A6FE82-8D52-477C-98EE-2E236B906D40}.Debug|Any CPU.Build.0 = Debug|Any CPU
		{C1A6FE82-8D52-477C-98EE-2E236B906D40}.Release|Any CPU.ActiveCfg = Release|Any CPU
		{C1A6FE82-8D52-477C-98EE-2E236B906D40}.Release|Any CPU.Build.0 = Release|Any CPU
		{6AAB233C-B286-4A00-B2EF-E604733E6CAA}.Debug|Any CPU.ActiveCfg = Debug|Any CPU
		{6AAB233C-B286-4A00-B2EF-E604733E6CAA}.Debug|Any CPU.Build.0 = Debug|Any CPU
		{6AAB233C-B286-4A00-B2EF-E604733E6CAA}.Release|Any CPU.ActiveCfg = Release|Any CPU
		{6AAB233C-B286-4A00-B2EF-E604733E6CAA}.Release|Any CPU.Build.0 = Release|Any CPU
		{C78A0775-CEB6-498B-934A-525F6EFE77A3}.Debug|Any CPU.ActiveCfg = Debug|Any CPU
		{C78A0775-CEB6-498B-934A-525F6EFE77A3}.Debug|Any CPU.Build.0 = Debug|Any CPU
		{C78A0775-CEB6-498B-934A-525F6EFE77A3}.Release|Any CPU.ActiveCfg = Release|Any CPU
		{C78A0775-CEB6-498B-934A-525F6EFE77A3}.Release|Any CPU.Build.0 = Release|Any CPU
		{4A409E93-52B6-4425-840D-48DE85267D45}.Debug|Any CPU.ActiveCfg = Debug|Any CPU
		{4A409E93-52B6-4425-840D-48DE85267D45}.Debug|Any CPU.Build.0 = Debug|Any CPU
		{4A409E93-52B6-4425-840D-48DE85267D45}.Release|Any CPU.ActiveCfg = Release|Any CPU
		{4A409E93-52B6-4425-840D-48DE85267D45}.Release|Any CPU.Build.0 = Release|Any CPU
	EndGlobalSection
EndGlobal
